
Microsoft Visual Studio Solution File, Format Version 12.00
# Visual Studio Version 16
VisualStudioVersion = 16.0.32002.261
MinimumVisualStudioVersion = 10.0.40219.1
Project("{FAE04EC0-301F-11D3-BF4B-00C04F79EFBC}") = "aspwebapp1", "aspwebapp1\aspwebapp1.csproj", "{45802175-B11E-49C4-8858-BB0521B44077}"
EndProject
Global
	GlobalSection(SolutionConfigurationPlatforms) = preSolution
		Debug|Any CPU = Debug|Any CPU
		Release|Any CPU = Release|Any CPU
	EndGlobalSection
	GlobalSection(ProjectConfigurationPlatforms) = postSolution
		{45802175-B11E-49C4-8858-BB0521B44077}.Debug|Any CPU.ActiveCfg = Debug|Any CPU
		{45802175-B11E-49C4-8858-BB0521B44077}.Debug|Any CPU.Build.0 = Debug|Any CPU
		{45802175-B11E-49C4-8858-BB0521B44077}.Release|Any CPU.ActiveCfg = Release|Any CPU
		{45802175-B11E-49C4-8858-BB0521B44077}.Release|Any CPU.Build.0 = Release|Any CPU
	EndGlobalSection
	GlobalSection(SolutionProperties) = preSolution
		HideSolutionNode = FALSE
	EndGlobalSection
	GlobalSection(ExtensibilityGlobals) = postSolution
		SolutionGuid = {087B9B2C-0B9B-4BE3-8CE0-83AECA48D49F}
	EndGlobalSection
EndGlobal
